{
    "version": 3,
    "terraform_version": "0.11.8",
    "serial": 3,
    "lineage": "a929e768-6471-017d-e766-4e79f36ac636",
    "modules": [
        {
            "path": [
                "root"
            ],
            "outputs": {
                "Container Name": {
                    "sensitive": false,
                    "type": "string",
                    "value": "prod_blog"
                },
                "IP Address": {
                    "sensitive": false,
                    "type": "string",
                    "value": "172.17.0.2"
                }
            },
            "resources": {},
            "depends_on": []
        },
        {
            "path": [
                "root",
                "container"
            ],
            "outputs": {
                "container_name": {
                    "sensitive": false,
                    "type": "string",
                    "value": "prod_blog"
                },
                "ip": {
                    "sensitive": false,
                    "type": "string",
                    "value": "172.17.0.2"
                }
            },
            "resources": {
                "docker_container.container_id": {
                    "type": "docker_container",
                    "depends_on": [],
                    "primary": {
                        "id": "246a27dfad55b8a5a93c0131eb0aa2506c488740ff710c80de366e79c43849e1",
                        "attributes": {
                            "attach": "false",
                            "bridge": "",
                            "gateway": "172.17.0.1",
                            "id": "246a27dfad55b8a5a93c0131eb0aa2506c488740ff710c80de366e79c43849e1",
                            "image": "sha256:281fbb7cd9bb0fd2b979e1b1664335e0747204c3d753fedd6c5aaf86c541f80a",
                            "ip_address": "172.17.0.2",
                            "ip_prefix_length": "16",
                            "log_driver": "json-file",
                            "logs": "false",
                            "must_run": "true",
                            "name": "prod_blog",
                            "network_data.#": "1",
                            "network_data.0.gateway": "172.17.0.1",
                            "network_data.0.ip_address": "172.17.0.2",
                            "network_data.0.ip_prefix_length": "16",
                            "network_data.0.network_name": "bridge",
                            "ports.#": "1",
                            "ports.0.external": "80",
                            "ports.0.internal": "2368",
                            "ports.0.ip": "0.0.0.0",
                            "ports.0.protocol": "tcp",
                            "restart": "no",
                            "rm": "false",
                            "start": "true"
                        },
                        "meta": {},
                        "tainted": false
                    },
                    "deposed": [],
                    "provider": "provider.docker"
                }
            },
            "depends_on": []
        },
        {
            "path": [
                "root",
                "image"
            ],
            "outputs": {
                "image_out": {
                    "sensitive": false,
                    "type": "string",
                    "value": "sha256:281fbb7cd9bb0fd2b979e1b1664335e0747204c3d753fedd6c5aaf86c541f80a"
                }
            },
            "resources": {
                "docker_image.image_id": {
                    "type": "docker_image",
                    "depends_on": [],
                    "primary": {
                        "id": "sha256:281fbb7cd9bb0fd2b979e1b1664335e0747204c3d753fedd6c5aaf86c541f80aghost:alpine",
                        "attributes": {
                            "id": "sha256:281fbb7cd9bb0fd2b979e1b1664335e0747204c3d753fedd6c5aaf86c541f80aghost:alpine",
                            "latest": "sha256:281fbb7cd9bb0fd2b979e1b1664335e0747204c3d753fedd6c5aaf86c541f80a",
                            "name": "ghost:alpine"
                        },
                        "meta": {},
                        "tainted": false
                    },
                    "deposed": [],
                    "provider": "provider.docker"
                }
            },
            "depends_on": []
        }
    ]
}
